
Microsoft Visual Studio Solution File, Format Version 12.00
# Visual Studio Version 17
VisualStudioVersion = 17.5.33414.496
MinimumVisualStudioVersion = 10.0.40219.1
Project("{FAE04EC0-301F-11D3-BF4B-00C04F79EFBC}") = "ContainerSample", "ContainerSample.csproj", "{EF9B0AA0-735A-4FD4-8CA5-D78F8A333E51}"
EndProject
Global
	GlobalSection(SolutionConfigurationPlatforms) = preSolution
		Debug|Any CPU = Debug|Any CPU
		Release|Any CPU = Release|Any CPU
	EndGlobalSection
	GlobalSection(ProjectConfigurationPlatforms) = postSolution
		{EF9B0AA0-735A-4FD4-8CA5-D78F8A333E51}.Debug|Any CPU.ActiveCfg = Debug|Any CPU
		{EF9B0AA0-735A-4FD4-8CA5-D78F8A333E51}.Debug|Any CPU.Build.0 = Debug|Any CPU
		{EF9B0AA0-735A-4FD4-8CA5-D78F8A333E51}.Release|Any CPU.ActiveCfg = Release|Any CPU
		{EF9B0AA0-735A-4FD4-8CA5-D78F8A333E51}.Release|Any CPU.Build.0 = Release|Any CPU
	EndGlobalSection
	GlobalSection(SolutionProperties) = preSolution
		HideSolutionNode = FALSE
	EndGlobalSection
	GlobalSection(ExtensibilityGlobals) = postSolution
		SolutionGuid = {B240E1E1-EFF9-4235-95FC-FF86E765675E}
	EndGlobalSection
EndGlobal
